
Microsoft Visual Studio Solution File, Format Version 12.00
# Visual Studio Version 17
VisualStudioVersion = 17.4.33122.133
MinimumVisualStudioVersion = 10.0.40219.1
Project("{FAE04EC0-301F-11D3-BF4B-00C04F79EFBC}") = "Library-Management-System", "Library-Management-System\Library-Management-System.csproj", "{7DA68110-CB02-4CD4-A78A-B9DA54E392BA}"
EndProject
Project("{FAE04EC0-301F-11D3-BF4B-00C04F79EFBC}") = "Library-Management-System-DAL", "Library-Management-System-DAL\Library-Management-System-DAL.csproj", "{2D1F6EBA-22D0-4B60-9D51-6C13C28CD9F2}"
EndProject
Project("{FAE04EC0-301F-11D3-BF4B-00C04F79EFBC}") = "Library-Management-System-BL", "Library-Management-System-BL\Library-Management-System-BL.csproj", "{1C277777-BB94-4E5F-B5F9-E15E91C21C9C}"
EndProject
Global
	GlobalSection(SolutionConfigurationPlatforms) = preSolution
		Debug|Any CPU = Debug|Any CPU
		Release|Any CPU = Release|Any CPU
	EndGlobalSection
	GlobalSection(ProjectConfigurationPlatforms) = postSolution
		{7DA68110-CB02-4CD4-A78A-B9DA54E392BA}.Debug|Any CPU.ActiveCfg = Debug|Any CPU
		{7DA68110-CB02-4CD4-A78A-B9DA54E392BA}.Debug|Any CPU.Build.0 = Debug|Any CPU
		{7DA68110-CB02-4CD4-A78A-B9DA54E392BA}.Release|Any CPU.ActiveCfg = Release|Any CPU
		{7DA68110-CB02-4CD4-A78A-B9DA54E392BA}.Release|Any CPU.Build.0 = Release|Any CPU
		{2D1F6EBA-22D0-4B60-9D51-6C13C28CD9F2}.Debug|Any CPU.ActiveCfg = Debug|Any CPU
		{2D1F6EBA-22D0-4B60-9D51-6C13C28CD9F2}.Debug|Any CPU.Build.0 = Debug|Any CPU
		{2D1F6EBA-22D0-4B60-9D51-6C13C28CD9F2}.Release|Any CPU.ActiveCfg = Release|Any CPU
		{2D1F6EBA-22D0-4B60-9D51-6C13C28CD9F2}.Release|Any CPU.Build.0 = Release|Any CPU
		{1C277777-BB94-4E5F-B5F9-E15E91C21C9C}.Debug|Any CPU.ActiveCfg = Debug|Any CPU
		{1C277777-BB94-4E5F-B5F9-E15E91C21C9C}.Debug|Any CPU.Build.0 = Debug|Any CPU
		{1C277777-BB94-4E5F-B5F9-E15E91C21C9C}.Release|Any CPU.ActiveCfg = Release|Any CPU
		{1C277777-BB94-4E5F-B5F9-E15E91C21C9C}.Release|Any CPU.Build.0 = Release|Any CPU
	EndGlobalSection
	GlobalSection(SolutionProperties) = preSolution
		HideSolutionNode = FALSE
	EndGlobalSection
	GlobalSection(ExtensibilityGlobals) = postSolution
		SolutionGuid = {CA9941CD-38C2-482D-B425-4E1CB48C9EE8}
	EndGlobalSection
EndGlobal
